{
  "name": "switche-front",
  "requires": true,
  "lockfileVersion": 1,
  "dependencies": {
    "@tauri-apps/api": {
      "version": "1.5.4",
      "resolved": "https://registry.npmjs.org/@tauri-apps/api/-/api-1.5.4.tgz",
      "integrity": "sha512-LKYae9URbdEdbHrOXBeXb/lZgVyWTX0E98rSFBuQlmkLr8OeG+akuE41PfLjBVyk1Q+fq7wxo4ieenLSMUAUhA=="
    }
  }
}
